
Microsoft Visual Studio Solution File, Format Version 11.00
# Visual Studio 2010
# SharpDevelop 4.3
Project("{FAE04EC0-301F-11D3-BF4B-00C04F79EFBC}") = "WikiHelper", "WikiHelper\WikiHelper.csproj", "{28D5D293-2391-4744-85CC-0983D9624438}"
EndProject
Global
	GlobalSection(SolutionConfigurationPlatforms) = preSolution
		Debug|Any CPU = Debug|Any CPU
		Release|Any CPU = Release|Any CPU
		Debug|Any CPU = Debug|Any CPU
		Release|Any CPU = Release|Any CPU
	EndGlobalSection
	GlobalSection(ProjectConfigurationPlatforms) = postSolution
		{28D5D293-2391-4744-85CC-0983D9624438}.Debug|Any CPU.Build.0 = Debug|Any CPU
		{28D5D293-2391-4744-85CC-0983D9624438}.Debug|Any CPU.ActiveCfg = Debug|Any CPU
		{28D5D293-2391-4744-85CC-0983D9624438}.Release|Any CPU.Build.0 = Release|Any CPU
		{28D5D293-2391-4744-85CC-0983D9624438}.Release|Any CPU.ActiveCfg = Release|Any CPU
	EndGlobalSection
EndGlobal
